name: Lock

on:
  schedule:
    - cron: "0 * * * *"

jobs:
  lock:
    if: ${{ github.repository_owner == 'home-assistant' }}
    permissions:
      issues: write
      pull-requests: write
    runs-on: ubuntu-latest
    steps:
      - uses: dessant/lock-threads@89ae32b08ed1a541efecbab17912962a5e38981c # v6.0.2
        with:
          github-token: ${{ github.token }}
          issue-inactive-days: "30"
          exclude-issue-created-before: "2020-10-01T00:00:00Z"
          issue-lock-reason: ""
          pr-inactive-days: "1"
          exclude-pr-created-before: "2020-11-01T00:00:00Z"
          pr-lock-reason: ""
